# This file was autogenerated by Stack.
# You should not edit this file by hand.
# For more information, please see the documentation at:
#   https://docs.haskellstack.org/en/stable/lock_files

packages: []
snapshots:
- completed:
    size: 526492
    url: https://raw.githubusercontent.com/commercialhaskell/stackage-snapshots/master/nightly/2020/8/30.yaml
    sha256: 884c2a520fe9d9c0447cfb076852dcb1da1002c5e6e9ade3352a072e3f5a2648
  original: nightly-2020-08-30
