# This file was autogenerated by Stack.
# You should not edit this file by hand.
# For more information, please see the documentation at:
#   https://docs.haskellstack.org/en/stable/lock_files

packages: []
snapshots:
- completed:
    size: 539493
    url: https://raw.githubusercontent.com/commercialhaskell/stackage-snapshots/master/nightly/2020/10/16.yaml
    sha256: 0f9c0d67cca3132eeef7de3ffed316e09de8726199b91e721ffcbd2c11925211
  original: nightly-2020-10-16
